Microsoft Visual Studio Solution File, Format Version 11.00
# Visual Studio 2008

Project("{71D3FE3C-2F3F-E07B-55D0-F6BD6D9F3D16}") = "Kevin070451", "Assembly-CSharp-firstpass.csproj", "{6A630D0D-8F6B-24D6-5D1F-3DBD64046D4A}"
EndProject
Project("{71D3FE3C-2F3F-E07B-55D0-F6BD6D9F3D16}") = "Kevin070451", "Assembly-CSharp.csproj", "{2D1D4272-8919-EC72-1326-AE1972158D92}"
EndProject
Project("{71D3FE3C-2F3F-E07B-55D0-F6BD6D9F3D16}") = "Kevin070451", "Assembly-CSharp-Editor.csproj", "{2ADCDC04-A033-D2F3-B6CD-6C55283EAD88}"
EndProject
Project("{71D3FE3C-2F3F-E07B-55D0-F6BD6D9F3D16}") = "Kevin070451", "Assembly-UnityScript-firstpass.unityproj", "{8660C8CF-E7AA-CFE2-0111-1A2C18848602}"
EndProject
Global
	GlobalSection(SolutionConfigurationPlatforms) = preSolution
		Debug|Any CPU = Debug|Any CPU
		Release|Any CPU = Release|Any CPU
	EndGlobalSection
	GlobalSection(ProjectConfigurationPlatforms) = postSolution
		{6A630D0D-8F6B-24D6-5D1F-3DBD64046D4A}.Debug|Any CPU.ActiveCfg = Debug|Any CPU
		{6A630D0D-8F6B-24D6-5D1F-3DBD64046D4A}.Debug|Any CPU.Build.0 = Debug|Any CPU
		{6A630D0D-8F6B-24D6-5D1F-3DBD64046D4A}.Release|Any CPU.ActiveCfg = Release|Any CPU
		{6A630D0D-8F6B-24D6-5D1F-3DBD64046D4A}.Release|Any CPU.Build.0 = Release|Any CPU
		{2D1D4272-8919-EC72-1326-AE1972158D92}.Debug|Any CPU.ActiveCfg = Debug|Any CPU
		{2D1D4272-8919-EC72-1326-AE1972158D92}.Debug|Any CPU.Build.0 = Debug|Any CPU
		{2D1D4272-8919-EC72-1326-AE1972158D92}.Release|Any CPU.ActiveCfg = Release|Any CPU
		{2D1D4272-8919-EC72-1326-AE1972158D92}.Release|Any CPU.Build.0 = Release|Any CPU
		{2ADCDC04-A033-D2F3-B6CD-6C55283EAD88}.Debug|Any CPU.ActiveCfg = Debug|Any CPU
		{2ADCDC04-A033-D2F3-B6CD-6C55283EAD88}.Debug|Any CPU.Build.0 = Debug|Any CPU
		{2ADCDC04-A033-D2F3-B6CD-6C55283EAD88}.Release|Any CPU.ActiveCfg = Release|Any CPU
		{2ADCDC04-A033-D2F3-B6CD-6C55283EAD88}.Release|Any CPU.Build.0 = Release|Any CPU
		{8660C8CF-E7AA-CFE2-0111-1A2C18848602}.Debug|Any CPU.ActiveCfg = Debug|Any CPU
		{8660C8CF-E7AA-CFE2-0111-1A2C18848602}.Debug|Any CPU.Build.0 = Debug|Any CPU
		{8660C8CF-E7AA-CFE2-0111-1A2C18848602}.Release|Any CPU.ActiveCfg = Release|Any CPU
		{8660C8CF-E7AA-CFE2-0111-1A2C18848602}.Release|Any CPU.Build.0 = Release|Any CPU
	EndGlobalSection
	GlobalSection(SolutionProperties) = preSolution
		HideSolutionNode = FALSE
	EndGlobalSection
																										GlobalSection(MonoDevelopProperties) = preSolution
		StartupItem = Assembly-CSharp.csproj
		Policies = $0
		$0.TextStylePolicy = $1
		$1.inheritsSet = null
		$1.scope = text/x-csharp
		$0.CSharpFormattingPolicy = $2
		$2.inheritsSet = Mono
		$2.inheritsScope = text/x-csharp
		$2.scope = text/x-csharp
		$0.TextStylePolicy = $3
		$3.FileWidth = 120
		$3.TabWidth = 4
		$3.EolMarker = Unix
		$3.inheritsSet = Mono
		$3.inheritsScope = text/plain
		$3.scope = text/plain
	EndGlobalSection

EndGlobal
